
Microsoft Visual Studio Solution File, Format Version 12.00
# Visual Studio Version 17
VisualStudioVersion = 17.6.33723.286
MinimumVisualStudioVersion = 10.0.40219.1
Project("{FAE04EC0-301F-11D3-BF4B-00C04F79EFBC}") = "PracticaFinalYareliRamirez", "PracticaFinalYareliRamirez\PracticaFinalYareliRamirez.csproj", "{CAB6AA8F-D768-46D1-876E-63F580853D2D}"
EndProject
Global
	GlobalSection(SolutionConfigurationPlatforms) = preSolution
		Debug|Any CPU = Debug|Any CPU
		Release|Any CPU = Release|Any CPU
	EndGlobalSection
	GlobalSection(ProjectConfigurationPlatforms) = postSolution
		{CAB6AA8F-D768-46D1-876E-63F580853D2D}.Debug|Any CPU.ActiveCfg = Debug|Any CPU
		{CAB6AA8F-D768-46D1-876E-63F580853D2D}.Debug|Any CPU.Build.0 = Debug|Any CPU
		{CAB6AA8F-D768-46D1-876E-63F580853D2D}.Release|Any CPU.ActiveCfg = Release|Any CPU
		{CAB6AA8F-D768-46D1-876E-63F580853D2D}.Release|Any CPU.Build.0 = Release|Any CPU
	EndGlobalSection
	GlobalSection(SolutionProperties) = preSolution
		HideSolutionNode = FALSE
	EndGlobalSection
	GlobalSection(ExtensibilityGlobals) = postSolution
		SolutionGuid = {3BA78AA0-0237-489C-918B-16C3795FCF39}
	EndGlobalSection
EndGlobal
